
Microsoft Visual Studio Solution File, Format Version 12.00
# Visual Studio Version 17
VisualStudioVersion = 17.4.33110.190
MinimumVisualStudioVersion = 10.0.40219.1
Project("{FAE04EC0-301F-11D3-BF4B-00C04F79EFBC}") = "WebApiTemplate", "WebApiTemplate.csproj", "{C963D28D-C1FA-44A9-921D-D72E90A439D7}"
EndProject
Global
	GlobalSection(SolutionConfigurationPlatforms) = preSolution
		Debug|Any CPU = Debug|Any CPU
		Release|Any CPU = Release|Any CPU
	EndGlobalSection
	GlobalSection(ProjectConfigurationPlatforms) = postSolution
		{C963D28D-C1FA-44A9-921D-D72E90A439D7}.Debug|Any CPU.ActiveCfg = Debug|Any CPU
		{C963D28D-C1FA-44A9-921D-D72E90A439D7}.Debug|Any CPU.Build.0 = Debug|Any CPU
		{C963D28D-C1FA-44A9-921D-D72E90A439D7}.Release|Any CPU.ActiveCfg = Release|Any CPU
		{C963D28D-C1FA-44A9-921D-D72E90A439D7}.Release|Any CPU.Build.0 = Release|Any CPU
	EndGlobalSection
	GlobalSection(SolutionProperties) = preSolution
		HideSolutionNode = FALSE
	EndGlobalSection
	GlobalSection(ExtensibilityGlobals) = postSolution
		SolutionGuid = {2FC5B4FA-F7DF-4B0E-998A-686D49C1CF6A}
	EndGlobalSection
EndGlobal
